<Solution>
  <Configurations>
    <Platform Name="x64" />
  </Configurations>
  <Folder Name="/ProjectFile/">
    <File Path="AGENTS.md" />
    <File Path="CLAUDE.md" />
    <File Path="README.md" />
    <File Path="README_EN.md" />
  </Folder>
  <Project Path="JarkViewer/JarkViewer.vcxproj" Id="b0d84475-f869-46b6-bb98-40e788cb86d9">
    <Deploy />
  </Project>
</Solution>
