<Solution>
  <Configurations>
    <Platform Name="x64" />
    <Platform Name="x86" />
  </Configurations>
  <Folder Name="/解决方案项/">
    <File Path="README.md" />
  </Folder>
  <Project Path="jarkViewer/jarkViewer.vcxproj" Id="b0d84475-f869-46b6-bb98-40e788cb86d9">
    <BuildType Solution="Release|x86" Project="Debug" />
    <Platform Project="x64" />
    <Build Solution="*|x86" Project="false" />
  </Project>
</Solution>
