<?xml version="1.0" encoding="utf-8"?>
<Project ToolsVersion="4.0" xmlns="http://schemas.microsoft.com/developer/msbuild/2003">
  <ItemGroup>
    <Filter Include="资源文件">
      <UniqueIdentifier>{67DA6AB6-F800-4c08-8B7A-83BB121AAD01}</UniqueIdentifier>
      <Extensions>rc;ico;cur;bmp;dlg;rc2;rct;bin;rgs;gif;jpg;jpeg;jpe;resx;tiff;tif;png;wav;mfcribbon-ms</Extensions>
    </Filter>
    <Filter Include="include">
      <UniqueIdentifier>{93995380-89BD-4b04-88EB-625FBE52EBFB}</UniqueIdentifier>
      <Extensions>h;hh;hpp;hxx;h++;hm;inl;inc;ipp;xsd</Extensions>
    </Filter>
    <Filter Include="src">
      <UniqueIdentifier>{4FC737F1-C7A5-4376-A066-2A32D752A2FF}</UniqueIdentifier>
      <Extensions>cpp;c;cc;cxx;c++;cppm;ixx;def;odl;idl;hpj;bat;asm;asmx</Extensions>
    </Filter>
    <Filter Include="include_psd">
      <UniqueIdentifier>{f24eae56-f8f6-4f02-b322-ed0a8ed84437}</UniqueIdentifier>
    </Filter>
    <Filter Include="libavcodec">
      <UniqueIdentifier>{d87f5776-b9c9-4407-9716-406c04d7cf21}</UniqueIdentifier>
    </Filter>
    <Filter Include="libavutil">
      <UniqueIdentifier>{23ce7870-000b-458a-a47b-c85027f16107}</UniqueIdentifier>
    </Filter>
    <Filter Include="libheif">
      <UniqueIdentifier>{ad933f3c-42ea-40f3-8b5f-ad21c636aa56}</UniqueIdentifier>
    </Filter>
  </ItemGroup>
  <ItemGroup>
    <ClInclude Include="Resource.h">
      <Filter>include</Filter>
    </ClInclude>
    <ClInclude Include="include\LRU.h">
      <Filter>include</Filter>
    </ClInclude>
    <ClInclude Include="include\stbText.h">
      <Filter>include</Filter>
    </ClInclude>
    <ClInclude Include="include\Utils.h">
      <Filter>include</Filter>
    </ClInclude>
    <ClInclude Include="include\x265.h">
      <Filter>include</Filter>
    </ClInclude>
    <ClInclude Include="include\x265_config.h">
      <Filter>include</Filter>
    </ClInclude>
    <ClInclude Include="include\avif\avif.h">
      <Filter>include</Filter>
    </ClInclude>
    <ClInclude Include="include\gif_lib.h">
      <Filter>include</Filter>
    </ClInclude>
    <ClInclude Include="include\libraw\libraw.h">
      <Filter>include</Filter>
    </ClInclude>
    <ClInclude Include="include\exifParse.h">
      <Filter>include</Filter>
    </ClInclude>
    <ClInclude Include="include\ImageDatabase.h">
      <Filter>include</Filter>
    </ClInclude>
    <ClInclude Include="include\thread_pool.h">
      <Filter>include</Filter>
    </ClInclude>
    <ClInclude Include="include\channel.h">
      <Filter>include</Filter>
    </ClInclude>
    <ClInclude Include="include\png.h">
      <Filter>include</Filter>
    </ClInclude>
    <ClInclude Include="include\psdsdk.h">
      <Filter>include</Filter>
    </ClInclude>
    <ClInclude Include="include\psdsdk\Psd.h">
      <Filter>include_psd</Filter>
    </ClInclude>
    <ClInclude Include="include\psdsdk\PsdAllocator.h">
      <Filter>include_psd</Filter>
    </ClInclude>
    <ClInclude Include="include\psdsdk\PsdAlphaChannel.h">
      <Filter>include_psd</Filter>
    </ClInclude>
    <ClInclude Include="include\psdsdk\PsdAssert.h">
      <Filter>include_psd</Filter>
    </ClInclude>
    <ClInclude Include="include\psdsdk\PsdBitUtil.h">
      <Filter>include_psd</Filter>
    </ClInclude>
    <ClInclude Include="include\psdsdk\PsdBlendMode.h">
      <Filter>include_psd</Filter>
    </ClInclude>
    <ClInclude Include="include\psdsdk\PsdChannel.h">
      <Filter>include_psd</Filter>
    </ClInclude>
    <ClInclude Include="include\psdsdk\PsdChannelType.h">
      <Filter>include_psd</Filter>
    </ClInclude>
    <ClInclude Include="include\psdsdk\PsdColorMode.h">
      <Filter>include_psd</Filter>
    </ClInclude>
    <ClInclude Include="include\psdsdk\PsdColorModeDataSection.h">
      <Filter>include_psd</Filter>
    </ClInclude>
    <ClInclude Include="include\psdsdk\PsdCompilerMacros.h">
      <Filter>include_psd</Filter>
    </ClInclude>
    <ClInclude Include="include\psdsdk\PsdCompressionType.h">
      <Filter>include_psd</Filter>
    </ClInclude>
    <ClInclude Include="include\psdsdk\PsdDecompressRle.h">
      <Filter>include_psd</Filter>
    </ClInclude>
    <ClInclude Include="include\psdsdk\PsdDocument.h">
      <Filter>include_psd</Filter>
    </ClInclude>
    <ClInclude Include="include\psdsdk\PsdDocumentation.h">
      <Filter>include_psd</Filter>
    </ClInclude>
    <ClInclude Include="include\psdsdk\PsdEndianConversion.h">
      <Filter>include_psd</Filter>
    </ClInclude>
    <ClInclude Include="include\psdsdk\PsdExport.h">
      <Filter>include_psd</Filter>
    </ClInclude>
    <ClInclude Include="include\psdsdk\PsdExportChannel.h">
      <Filter>include_psd</Filter>
    </ClInclude>
    <ClInclude Include="include\psdsdk\PsdExportColorMode.h">
      <Filter>include_psd</Filter>
    </ClInclude>
    <ClInclude Include="include\psdsdk\PsdExportDocument.h">
      <Filter>include_psd</Filter>
    </ClInclude>
    <ClInclude Include="include\psdsdk\PsdExportLayer.h">
      <Filter>include_psd</Filter>
    </ClInclude>
    <ClInclude Include="include\psdsdk\PsdExportMetaDataAttribute.h">
      <Filter>include_psd</Filter>
    </ClInclude>
    <ClInclude Include="include\psdsdk\PsdFile.h">
      <Filter>include_psd</Filter>
    </ClInclude>
    <ClInclude Include="include\psdsdk\PsdFixedSizeString.h">
      <Filter>include_psd</Filter>
    </ClInclude>
    <ClInclude Include="include\psdsdk\PsdImageDataSection.h">
      <Filter>include_psd</Filter>
    </ClInclude>
    <ClInclude Include="include\psdsdk\PsdImageResourcesSection.h">
      <Filter>include_psd</Filter>
    </ClInclude>
    <ClInclude Include="include\psdsdk\PsdImageResourceType.h">
      <Filter>include_psd</Filter>
    </ClInclude>
    <ClInclude Include="include\psdsdk\PsdInterleave.h">
      <Filter>include_psd</Filter>
    </ClInclude>
    <ClInclude Include="include\psdsdk\Psdinttypes.h">
      <Filter>include_psd</Filter>
    </ClInclude>
    <ClInclude Include="include\psdsdk\Psdispod.h">
      <Filter>include_psd</Filter>
    </ClInclude>
    <ClInclude Include="include\psdsdk\Psdisunsigned.h">
      <Filter>include_psd</Filter>
    </ClInclude>
    <ClInclude Include="include\psdsdk\PsdKey.h">
      <Filter>include_psd</Filter>
    </ClInclude>
    <ClInclude Include="include\psdsdk\PsdLayer.h">
      <Filter>include_psd</Filter>
    </ClInclude>
    <ClInclude Include="include\psdsdk\PsdLayerCanvasCopy.h">
      <Filter>include_psd</Filter>
    </ClInclude>
    <ClInclude Include="include\psdsdk\PsdLayerMask.h">
      <Filter>include_psd</Filter>
    </ClInclude>
    <ClInclude Include="include\psdsdk\PsdLayerMaskSection.h">
      <Filter>include_psd</Filter>
    </ClInclude>
    <ClInclude Include="include\psdsdk\PsdLayerType.h">
      <Filter>include_psd</Filter>
    </ClInclude>
    <ClInclude Include="include\psdsdk\PsdLog.h">
      <Filter>include_psd</Filter>
    </ClInclude>
    <ClInclude Include="include\psdsdk\PsdMallocAllocator.h">
      <Filter>include_psd</Filter>
    </ClInclude>
    <ClInclude Include="include\psdsdk\PsdMemoryUtil.h">
      <Filter>include_psd</Filter>
    </ClInclude>
    <ClInclude Include="include\psdsdk\Psdminiz.h">
      <Filter>include_psd</Filter>
    </ClInclude>
    <ClInclude Include="include\psdsdk\PsdNamespace.h">
      <Filter>include_psd</Filter>
    </ClInclude>
    <ClInclude Include="include\psdsdk\PsdNativeFile.h">
      <Filter>include_psd</Filter>
    </ClInclude>
    <ClInclude Include="include\psdsdk\PsdNativeFile_Linux.h">
      <Filter>include_psd</Filter>
    </ClInclude>
    <ClInclude Include="include\psdsdk\PsdNativeFile_Mac.h">
      <Filter>include_psd</Filter>
    </ClInclude>
    <ClInclude Include="include\psdsdk\PsdParseColorModeDataSection.h">
      <Filter>include_psd</Filter>
    </ClInclude>
    <ClInclude Include="include\psdsdk\PsdParseDocument.h">
      <Filter>include_psd</Filter>
    </ClInclude>
    <ClInclude Include="include\psdsdk\PsdParseImageDataSection.h">
      <Filter>include_psd</Filter>
    </ClInclude>
    <ClInclude Include="include\psdsdk\PsdParseImageResourcesSection.h">
      <Filter>include_psd</Filter>
    </ClInclude>
    <ClInclude Include="include\psdsdk\PsdParseLayerMaskSection.h">
      <Filter>include_psd</Filter>
    </ClInclude>
    <ClInclude Include="include\psdsdk\PsdPch.h">
      <Filter>include_psd</Filter>
    </ClInclude>
    <ClInclude Include="include\psdsdk\PsdPlanarImage.h">
      <Filter>include_psd</Filter>
    </ClInclude>
    <ClInclude Include="include\psdsdk\PsdPlatform.h">
      <Filter>include_psd</Filter>
    </ClInclude>
    <ClInclude Include="include\psdsdk\PsdSection.h">
      <Filter>include_psd</Filter>
    </ClInclude>
    <ClInclude Include="include\psdsdk\Psdstdint.h">
      <Filter>include_psd</Filter>
    </ClInclude>
    <ClInclude Include="include\psdsdk\PsdStringUtil.h">
      <Filter>include_psd</Filter>
    </ClInclude>
    <ClInclude Include="include\psdsdk\PsdSyncFileReader.h">
      <Filter>include_psd</Filter>
    </ClInclude>
    <ClInclude Include="include\psdsdk\PsdSyncFileUtil.h">
      <Filter>include_psd</Filter>
    </ClInclude>
    <ClInclude Include="include\psdsdk\PsdSyncFileWriter.h">
      <Filter>include_psd</Filter>
    </ClInclude>
    <ClInclude Include="include\psdsdk\PsdThumbnail.h">
      <Filter>include_psd</Filter>
    </ClInclude>
    <ClInclude Include="include\psdsdk\PsdTypes.h">
      <Filter>include_psd</Filter>
    </ClInclude>
    <ClInclude Include="include\psdsdk\PsdUnionCast.h">
      <Filter>include_psd</Filter>
    </ClInclude>
    <ClInclude Include="include\psdsdk\PsdVectorMask.h">
      <Filter>include_psd</Filter>
    </ClInclude>
    <ClInclude Include="include\D2D1App.h">
      <Filter>include</Filter>
    </ClInclude>
    <ClInclude Include="include\libbpg.h">
      <Filter>include</Filter>
    </ClInclude>
    <ClInclude Include="include\config.h">
      <Filter>include</Filter>
    </ClInclude>
    <ClInclude Include="libavcodec\avcodec.h">
      <Filter>libavcodec</Filter>
    </ClInclude>
    <ClInclude Include="libavcodec\bswapdsp.h">
      <Filter>libavcodec</Filter>
    </ClInclude>
    <ClInclude Include="libavcodec\bytestream.h">
      <Filter>libavcodec</Filter>
    </ClInclude>
    <ClInclude Include="libavcodec\cabac.h">
      <Filter>libavcodec</Filter>
    </ClInclude>
    <ClInclude Include="libavcodec\cabac_functions.h">
      <Filter>libavcodec</Filter>
    </ClInclude>
    <ClInclude Include="libavcodec\cabac_tablegen.h">
      <Filter>libavcodec</Filter>
    </ClInclude>
    <ClInclude Include="libavcodec\get_bits.h">
      <Filter>libavcodec</Filter>
    </ClInclude>
    <ClInclude Include="libavcodec\golomb.h">
      <Filter>libavcodec</Filter>
    </ClInclude>
    <ClInclude Include="libavcodec\hevc.h">
      <Filter>libavcodec</Filter>
    </ClInclude>
    <ClInclude Include="libavcodec\hevcdsp.h">
      <Filter>libavcodec</Filter>
    </ClInclude>
    <ClInclude Include="libavcodec\hevcpred.h">
      <Filter>libavcodec</Filter>
    </ClInclude>
    <ClInclude Include="libavcodec\internal.h">
      <Filter>libavcodec</Filter>
    </ClInclude>
    <ClInclude Include="libavcodec\mathops.h">
      <Filter>libavcodec</Filter>
    </ClInclude>
    <ClInclude Include="libavcodec\old_codec_ids.h">
      <Filter>libavcodec</Filter>
    </ClInclude>
    <ClInclude Include="libavcodec\put_bits.h">
      <Filter>libavcodec</Filter>
    </ClInclude>
    <ClInclude Include="libavcodec\rnd_avg.h">
      <Filter>libavcodec</Filter>
    </ClInclude>
    <ClInclude Include="libavcodec\thread.h">
      <Filter>libavcodec</Filter>
    </ClInclude>
    <ClInclude Include="libavcodec\version.h">
      <Filter>libavcodec</Filter>
    </ClInclude>
    <ClInclude Include="libavcodec\videodsp.h">
      <Filter>libavcodec</Filter>
    </ClInclude>
    <ClInclude Include="libavutil\adler32.h">
      <Filter>libavutil</Filter>
    </ClInclude>
    <ClInclude Include="libavutil\aes.h">
      <Filter>libavutil</Filter>
    </ClInclude>
    <ClInclude Include="libavutil\atomic.h">
      <Filter>libavutil</Filter>
    </ClInclude>
    <ClInclude Include="libavutil\atomic_win32.h">
      <Filter>libavutil</Filter>
    </ClInclude>
    <ClInclude Include="libavutil\attributes.h">
      <Filter>libavutil</Filter>
    </ClInclude>
    <ClInclude Include="libavutil\audio_fifo.h">
      <Filter>libavutil</Filter>
    </ClInclude>
    <ClInclude Include="libavutil\audioconvert.h">
      <Filter>libavutil</Filter>
    </ClInclude>
    <ClInclude Include="libavutil\avassert.h">
      <Filter>libavutil</Filter>
    </ClInclude>
    <ClInclude Include="libavutil\avconfig.h">
      <Filter>libavutil</Filter>
    </ClInclude>
    <ClInclude Include="libavutil\avstring.h">
      <Filter>libavutil</Filter>
    </ClInclude>
    <ClInclude Include="libavutil\avutil.h">
      <Filter>libavutil</Filter>
    </ClInclude>
    <ClInclude Include="libavutil\base64.h">
      <Filter>libavutil</Filter>
    </ClInclude>
    <ClInclude Include="libavutil\blowfish.h">
      <Filter>libavutil</Filter>
    </ClInclude>
    <ClInclude Include="libavutil\bprint.h">
      <Filter>libavutil</Filter>
    </ClInclude>
    <ClInclude Include="libavutil\bswap.h">
      <Filter>libavutil</Filter>
    </ClInclude>
    <ClInclude Include="libavutil\buffer.h">
      <Filter>libavutil</Filter>
    </ClInclude>
    <ClInclude Include="libavutil\buffer_internal.h">
      <Filter>libavutil</Filter>
    </ClInclude>
    <ClInclude Include="libavutil\cast5.h">
      <Filter>libavutil</Filter>
    </ClInclude>
    <ClInclude Include="libavutil\channel_layout.h">
      <Filter>libavutil</Filter>
    </ClInclude>
    <ClInclude Include="libavutil\colorspace.h">
      <Filter>libavutil</Filter>
    </ClInclude>
    <ClInclude Include="libavutil\common.h">
      <Filter>libavutil</Filter>
    </ClInclude>
    <ClInclude Include="libavutil\cpu.h">
      <Filter>libavutil</Filter>
    </ClInclude>
    <ClInclude Include="libavutil\cpu_internal.h">
      <Filter>libavutil</Filter>
    </ClInclude>
    <ClInclude Include="libavutil\crc.h">
      <Filter>libavutil</Filter>
    </ClInclude>
    <ClInclude Include="libavutil\des.h">
      <Filter>libavutil</Filter>
    </ClInclude>
    <ClInclude Include="libavutil\dict.h">
      <Filter>libavutil</Filter>
    </ClInclude>
    <ClInclude Include="libavutil\display.h">
      <Filter>libavutil</Filter>
    </ClInclude>
    <ClInclude Include="libavutil\downmix_info.h">
      <Filter>libavutil</Filter>
    </ClInclude>
    <ClInclude Include="libavutil\dynarray.h">
      <Filter>libavutil</Filter>
    </ClInclude>
    <ClInclude Include="libavutil\error.h">
      <Filter>libavutil</Filter>
    </ClInclude>
    <ClInclude Include="libavutil\eval.h">
      <Filter>libavutil</Filter>
    </ClInclude>
    <ClInclude Include="libavutil\ffversion.h">
      <Filter>libavutil</Filter>
    </ClInclude>
    <ClInclude Include="libavutil\fifo.h">
      <Filter>libavutil</Filter>
    </ClInclude>
    <ClInclude Include="libavutil\file.h">
      <Filter>libavutil</Filter>
    </ClInclude>
    <ClInclude Include="libavutil\fixed_dsp.h">
      <Filter>libavutil</Filter>
    </ClInclude>
    <ClInclude Include="libavutil\float_dsp.h">
      <Filter>libavutil</Filter>
    </ClInclude>
    <ClInclude Include="libavutil\frame.h">
      <Filter>libavutil</Filter>
    </ClInclude>
    <ClInclude Include="libavutil\hash.h">
      <Filter>libavutil</Filter>
    </ClInclude>
    <ClInclude Include="libavutil\hmac.h">
      <Filter>libavutil</Filter>
    </ClInclude>
    <ClInclude Include="libavutil\imgutils.h">
      <Filter>libavutil</Filter>
    </ClInclude>
    <ClInclude Include="libavutil\integer.h">
      <Filter>libavutil</Filter>
    </ClInclude>
    <ClInclude Include="libavutil\internal.h">
      <Filter>libavutil</Filter>
    </ClInclude>
    <ClInclude Include="libavutil\intfloat.h">
      <Filter>libavutil</Filter>
    </ClInclude>
    <ClInclude Include="libavutil\intmath.h">
      <Filter>libavutil</Filter>
    </ClInclude>
    <ClInclude Include="libavutil\intreadwrite.h">
      <Filter>libavutil</Filter>
    </ClInclude>
    <ClInclude Include="libavutil\lfg.h">
      <Filter>libavutil</Filter>
    </ClInclude>
    <ClInclude Include="libavutil\libm.h">
      <Filter>libavutil</Filter>
    </ClInclude>
    <ClInclude Include="libavutil\lls.h">
      <Filter>libavutil</Filter>
    </ClInclude>
    <ClInclude Include="libavutil\log.h">
      <Filter>libavutil</Filter>
    </ClInclude>
    <ClInclude Include="libavutil\lzo.h">
      <Filter>libavutil</Filter>
    </ClInclude>
    <ClInclude Include="libavutil\macros.h">
      <Filter>libavutil</Filter>
    </ClInclude>
    <ClInclude Include="libavutil\mathematics.h">
      <Filter>libavutil</Filter>
    </ClInclude>
    <ClInclude Include="libavutil\md5.h">
      <Filter>libavutil</Filter>
    </ClInclude>
    <ClInclude Include="libavutil\mem.h">
      <Filter>libavutil</Filter>
    </ClInclude>
    <ClInclude Include="libavutil\motion_vector.h">
      <Filter>libavutil</Filter>
    </ClInclude>
    <ClInclude Include="libavutil\murmur3.h">
      <Filter>libavutil</Filter>
    </ClInclude>
    <ClInclude Include="libavutil\old_pix_fmts.h">
      <Filter>libavutil</Filter>
    </ClInclude>
    <ClInclude Include="libavutil\opencl.h">
      <Filter>libavutil</Filter>
    </ClInclude>
    <ClInclude Include="libavutil\opencl_internal.h">
      <Filter>libavutil</Filter>
    </ClInclude>
    <ClInclude Include="libavutil\opt.h">
      <Filter>libavutil</Filter>
    </ClInclude>
    <ClInclude Include="libavutil\parseutils.h">
      <Filter>libavutil</Filter>
    </ClInclude>
    <ClInclude Include="libavutil\pca.h">
      <Filter>libavutil</Filter>
    </ClInclude>
    <ClInclude Include="libavutil\pixdesc.h">
      <Filter>libavutil</Filter>
    </ClInclude>
    <ClInclude Include="libavutil\pixelutils.h">
      <Filter>libavutil</Filter>
    </ClInclude>
    <ClInclude Include="libavutil\pixfmt.h">
      <Filter>libavutil</Filter>
    </ClInclude>
    <ClInclude Include="libavutil\qsort.h">
      <Filter>libavutil</Filter>
    </ClInclude>
    <ClInclude Include="libavutil\random_seed.h">
      <Filter>libavutil</Filter>
    </ClInclude>
    <ClInclude Include="libavutil\rational.h">
      <Filter>libavutil</Filter>
    </ClInclude>
    <ClInclude Include="libavutil\rc4.h">
      <Filter>libavutil</Filter>
    </ClInclude>
    <ClInclude Include="libavutil\replaygain.h">
      <Filter>libavutil</Filter>
    </ClInclude>
    <ClInclude Include="libavutil\ripemd.h">
      <Filter>libavutil</Filter>
    </ClInclude>
    <ClInclude Include="libavutil\samplefmt.h">
      <Filter>libavutil</Filter>
    </ClInclude>
    <ClInclude Include="libavutil\sha.h">
      <Filter>libavutil</Filter>
    </ClInclude>
    <ClInclude Include="libavutil\sha512.h">
      <Filter>libavutil</Filter>
    </ClInclude>
    <ClInclude Include="libavutil\softfloat.h">
      <Filter>libavutil</Filter>
    </ClInclude>
    <ClInclude Include="libavutil\stereo3d.h">
      <Filter>libavutil</Filter>
    </ClInclude>
    <ClInclude Include="libavutil\threadmessage.h">
      <Filter>libavutil</Filter>
    </ClInclude>
    <ClInclude Include="libavutil\time_avutil.h">
      <Filter>libavutil</Filter>
    </ClInclude>
    <ClInclude Include="libavutil\time_internal.h">
      <Filter>libavutil</Filter>
    </ClInclude>
    <ClInclude Include="libavutil\timecode.h">
      <Filter>libavutil</Filter>
    </ClInclude>
    <ClInclude Include="libavutil\timer.h">
      <Filter>libavutil</Filter>
    </ClInclude>
    <ClInclude Include="libavutil\timestamp.h">
      <Filter>libavutil</Filter>
    </ClInclude>
    <ClInclude Include="libavutil\tree.h">
      <Filter>libavutil</Filter>
    </ClInclude>
    <ClInclude Include="libavutil\version.h">
      <Filter>libavutil</Filter>
    </ClInclude>
    <ClInclude Include="libavutil\x86_cpu.h">
      <Filter>libavutil</Filter>
    </ClInclude>
    <ClInclude Include="libavutil\xga_font_data.h">
      <Filter>libavutil</Filter>
    </ClInclude>
    <ClInclude Include="libavutil\xtea.h">
      <Filter>libavutil</Filter>
    </ClInclude>
    <ClInclude Include="libavcodec\bit_depth_template.h">
      <Filter>libavcodec</Filter>
    </ClInclude>
    <ClInclude Include="libavcodec\hevcdsp_template.h">
      <Filter>libavcodec</Filter>
    </ClInclude>
    <ClInclude Include="libavcodec\hevcpred_template.h">
      <Filter>libavcodec</Filter>
    </ClInclude>
    <ClInclude Include="libavcodec\videodsp_template.h">
      <Filter>libavcodec</Filter>
    </ClInclude>
    <ClInclude Include="include\lunasvg.h">
      <Filter>include</Filter>
    </ClInclude>
    <ClInclude Include="include\libheif\heif.h">
      <Filter>libheif</Filter>
    </ClInclude>
    <ClInclude Include="include\libheif\heif_cxx.h">
      <Filter>libheif</Filter>
    </ClInclude>
    <ClInclude Include="include\libheif\heif_plugin.h">
      <Filter>libheif</Filter>
    </ClInclude>
    <ClInclude Include="include\libheif\heif_properties.h">
      <Filter>libheif</Filter>
    </ClInclude>
    <ClInclude Include="include\libheif\heif_regions.h">
      <Filter>libheif</Filter>
    </ClInclude>
    <ClInclude Include="include\libheif\heif_version.h">
      <Filter>libheif</Filter>
    </ClInclude>
    <ClInclude Include="include\libheif\heif_items.h">
      <Filter>libheif</Filter>
    </ClInclude>
    <ClInclude Include="include\printer.h">
      <Filter>include</Filter>
    </ClInclude>
  </ItemGroup>
  <ItemGroup>
    <ClCompile Include="src\jarkViewer.cpp">
      <Filter>src</Filter>
    </ClCompile>
    <ClCompile Include="src\D2D1App.cpp">
      <Filter>src</Filter>
    </ClCompile>
    <ClCompile Include="libavcodec\cabac.cpp">
      <Filter>libavcodec</Filter>
    </ClCompile>
    <ClCompile Include="libavcodec\golomb.cpp">
      <Filter>libavcodec</Filter>
    </ClCompile>
    <ClCompile Include="libavcodec\hevc.cpp">
      <Filter>libavcodec</Filter>
    </ClCompile>
    <ClCompile Include="libavcodec\hevc_cabac.cpp">
      <Filter>libavcodec</Filter>
    </ClCompile>
    <ClCompile Include="libavcodec\hevc_filter.cpp">
      <Filter>libavcodec</Filter>
    </ClCompile>
    <ClCompile Include="libavcodec\hevc_mvs.cpp">
      <Filter>libavcodec</Filter>
    </ClCompile>
    <ClCompile Include="libavcodec\hevc_ps.cpp">
      <Filter>libavcodec</Filter>
    </ClCompile>
    <ClCompile Include="libavcodec\hevc_refs.cpp">
      <Filter>libavcodec</Filter>
    </ClCompile>
    <ClCompile Include="libavcodec\hevc_sei.cpp">
      <Filter>libavcodec</Filter>
    </ClCompile>
    <ClCompile Include="libavcodec\hevcdsp.cpp">
      <Filter>libavcodec</Filter>
    </ClCompile>
    <ClCompile Include="libavcodec\hevcpred.cpp">
      <Filter>libavcodec</Filter>
    </ClCompile>
    <ClCompile Include="libavcodec\utils.cpp">
      <Filter>libavcodec</Filter>
    </ClCompile>
    <ClCompile Include="libavcodec\videodsp.cpp">
      <Filter>libavcodec</Filter>
    </ClCompile>
    <ClCompile Include="libavutil\buffer.cpp">
      <Filter>libavutil</Filter>
    </ClCompile>
    <ClCompile Include="libavutil\frame.cpp">
      <Filter>libavutil</Filter>
    </ClCompile>
    <ClCompile Include="libavutil\log2_tab.cpp">
      <Filter>libavutil</Filter>
    </ClCompile>
    <ClCompile Include="libavutil\md5.cpp">
      <Filter>libavutil</Filter>
    </ClCompile>
    <ClCompile Include="libavutil\mem.cpp">
      <Filter>libavutil</Filter>
    </ClCompile>
    <ClCompile Include="libavutil\pixdesc.cpp">
      <Filter>libavutil</Filter>
    </ClCompile>
    <ClCompile Include="src\libbpg.cpp">
      <Filter>src</Filter>
    </ClCompile>
  </ItemGroup>
  <ItemGroup>
    <ResourceCompile Include="jarkViewer.rc">
      <Filter>资源文件</Filter>
    </ResourceCompile>
  </ItemGroup>
  <ItemGroup>
    <Image Include="small.ico">
      <Filter>资源文件</Filter>
    </Image>
    <Image Include="jarkViewer.ico">
      <Filter>资源文件</Filter>
    </Image>
    <Image Include="file\tips.png">
      <Filter>资源文件</Filter>
    </Image>
    <Image Include="file\home.png">
      <Filter>资源文件</Filter>
    </Image>
    <Image Include="file\leftArrow.png">
      <Filter>资源文件</Filter>
    </Image>
    <Image Include="file\leftRotate.png">
      <Filter>资源文件</Filter>
    </Image>
    <Image Include="file\rightArrow.png">
      <Filter>资源文件</Filter>
    </Image>
    <Image Include="file\RightRotate.png">
      <Filter>资源文件</Filter>
    </Image>
    <Image Include="file\printer.png">
      <Filter>资源文件</Filter>
    </Image>
  </ItemGroup>
  <ItemGroup>
    <Font Include="file\MSYHMONO.ttf" />
  </ItemGroup>
</Project>