<?xml version="1.0" encoding="utf-8"?>
<Project ToolsVersion="4.0" xmlns="http://schemas.microsoft.com/developer/msbuild/2003">
  <ItemGroup>
    <Filter Include="资源文件">
      <UniqueIdentifier>{67DA6AB6-F800-4c08-8B7A-83BB121AAD01}</UniqueIdentifier>
      <Extensions>rc;ico;cur;bmp;dlg;rc2;rct;bin;rgs;gif;jpg;jpeg;jpe;resx;tiff;tif;png;wav;mfcribbon-ms</Extensions>
    </Filter>
    <Filter Include="include">
      <UniqueIdentifier>{93995380-89BD-4b04-88EB-625FBE52EBFB}</UniqueIdentifier>
      <Extensions>h;hh;hpp;hxx;h++;hm;inl;inc;ipp;xsd</Extensions>
    </Filter>
    <Filter Include="src">
      <UniqueIdentifier>{4FC737F1-C7A5-4376-A066-2A32D752A2FF}</UniqueIdentifier>
      <Extensions>cpp;c;cc;cxx;c++;cppm;ixx;def;odl;idl;hpj;bat;asm;asmx</Extensions>
    </Filter>
    <Filter Include="src_psd">
      <UniqueIdentifier>{b00aa22a-6e6a-42fb-b512-0282948dffd7}</UniqueIdentifier>
    </Filter>
  </ItemGroup>
  <ItemGroup>
    <ClInclude Include="Resource.h">
      <Filter>include</Filter>
    </ClInclude>
    <ClInclude Include="include\LRU.h">
      <Filter>include</Filter>
    </ClInclude>
    <ClInclude Include="include\stbText.h">
      <Filter>include</Filter>
    </ClInclude>
    <ClInclude Include="include\Utils.h">
      <Filter>include</Filter>
    </ClInclude>
    <ClInclude Include="include\x265.h">
      <Filter>include</Filter>
    </ClInclude>
    <ClInclude Include="include\x265_config.h">
      <Filter>include</Filter>
    </ClInclude>
    <ClInclude Include="include\avif\avif.h">
      <Filter>include</Filter>
    </ClInclude>
    <ClInclude Include="include\gif_lib.h">
      <Filter>include</Filter>
    </ClInclude>
    <ClInclude Include="include\libraw\libraw.h">
      <Filter>include</Filter>
    </ClInclude>
    <ClInclude Include="include\exifParse.h">
      <Filter>include</Filter>
    </ClInclude>
    <ClInclude Include="include\ImageDatabase.h">
      <Filter>include</Filter>
    </ClInclude>
    <ClInclude Include="include\thread_pool.h">
      <Filter>include</Filter>
    </ClInclude>
    <ClInclude Include="include\channel.h">
      <Filter>include</Filter>
    </ClInclude>
    <ClInclude Include="include\libpsd.h">
      <Filter>include</Filter>
    </ClInclude>
    <ClInclude Include="src_psd\psd_bitmap.h">
      <Filter>src_psd</Filter>
    </ClInclude>
    <ClInclude Include="src_psd\psd_blend.h">
      <Filter>src_psd</Filter>
    </ClInclude>
    <ClInclude Include="src_psd\psd_descriptor.h">
      <Filter>src_psd</Filter>
    </ClInclude>
    <ClInclude Include="src_psd\psd_fixed.h">
      <Filter>src_psd</Filter>
    </ClInclude>
    <ClInclude Include="src_psd\psd_gradient.h">
      <Filter>src_psd</Filter>
    </ClInclude>
    <ClInclude Include="src_psd\psd_math.h">
      <Filter>src_psd</Filter>
    </ClInclude>
    <ClInclude Include="src_psd\psd_rect.h">
      <Filter>src_psd</Filter>
    </ClInclude>
    <ClInclude Include="src_psd\psd_stream.h">
      <Filter>src_psd</Filter>
    </ClInclude>
    <ClInclude Include="src_psd\psd_system.h">
      <Filter>src_psd</Filter>
    </ClInclude>
    <ClInclude Include="include\png.h">
      <Filter>include</Filter>
    </ClInclude>
  </ItemGroup>
  <ItemGroup>
    <ClCompile Include="src\jarkViewer.cpp">
      <Filter>src</Filter>
    </ClCompile>
    <ClCompile Include="src_psd\adjustment.c">
      <Filter>src_psd</Filter>
    </ClCompile>
    <ClCompile Include="src_psd\bevel_emboss.c">
      <Filter>src_psd</Filter>
    </ClCompile>
    <ClCompile Include="src_psd\bitmap.c">
      <Filter>src_psd</Filter>
    </ClCompile>
    <ClCompile Include="src_psd\blend.c">
      <Filter>src_psd</Filter>
    </ClCompile>
    <ClCompile Include="src_psd\boundary.c">
      <Filter>src_psd</Filter>
    </ClCompile>
    <ClCompile Include="src_psd\brightness_contrast.c">
      <Filter>src_psd</Filter>
    </ClCompile>
    <ClCompile Include="src_psd\channel_image.c">
      <Filter>src_psd</Filter>
    </ClCompile>
    <ClCompile Include="src_psd\channel_mixer.c">
      <Filter>src_psd</Filter>
    </ClCompile>
    <ClCompile Include="src_psd\color.c">
      <Filter>src_psd</Filter>
    </ClCompile>
    <ClCompile Include="src_psd\color_balance.c">
      <Filter>src_psd</Filter>
    </ClCompile>
    <ClCompile Include="src_psd\color_mode.c">
      <Filter>src_psd</Filter>
    </ClCompile>
    <ClCompile Include="src_psd\color_overlay.c">
      <Filter>src_psd</Filter>
    </ClCompile>
    <ClCompile Include="src_psd\curves.c">
      <Filter>src_psd</Filter>
    </ClCompile>
    <ClCompile Include="src_psd\descriptor.c">
      <Filter>src_psd</Filter>
    </ClCompile>
    <ClCompile Include="src_psd\drop_shadow.c">
      <Filter>src_psd</Filter>
    </ClCompile>
    <ClCompile Include="src_psd\effects.c">
      <Filter>src_psd</Filter>
    </ClCompile>
    <ClCompile Include="src_psd\file_header.c">
      <Filter>src_psd</Filter>
    </ClCompile>
    <ClCompile Include="src_psd\fixed.c">
      <Filter>src_psd</Filter>
    </ClCompile>
    <ClCompile Include="src_psd\gaussian_blur.c">
      <Filter>src_psd</Filter>
    </ClCompile>
    <ClCompile Include="src_psd\gradient_blend.c">
      <Filter>src_psd</Filter>
    </ClCompile>
    <ClCompile Include="src_psd\gradient_fill.c">
      <Filter>src_psd</Filter>
    </ClCompile>
    <ClCompile Include="src_psd\gradient_map.c">
      <Filter>src_psd</Filter>
    </ClCompile>
    <ClCompile Include="src_psd\gradient_overlay.c">
      <Filter>src_psd</Filter>
    </ClCompile>
    <ClCompile Include="src_psd\hue_saturation.c">
      <Filter>src_psd</Filter>
    </ClCompile>
    <ClCompile Include="src_psd\image_data.c">
      <Filter>src_psd</Filter>
    </ClCompile>
    <ClCompile Include="src_psd\image_resource.c">
      <Filter>src_psd</Filter>
    </ClCompile>
    <ClCompile Include="src_psd\inner_glow.c">
      <Filter>src_psd</Filter>
    </ClCompile>
    <ClCompile Include="src_psd\inner_shadow.c">
      <Filter>src_psd</Filter>
    </ClCompile>
    <ClCompile Include="src_psd\invert.c">
      <Filter>src_psd</Filter>
    </ClCompile>
    <ClCompile Include="src_psd\layer_mask.c">
      <Filter>src_psd</Filter>
    </ClCompile>
    <ClCompile Include="src_psd\levels.c">
      <Filter>src_psd</Filter>
    </ClCompile>
    <ClCompile Include="src_psd\outer_glow.c">
      <Filter>src_psd</Filter>
    </ClCompile>
    <ClCompile Include="src_psd\path.c">
      <Filter>src_psd</Filter>
    </ClCompile>
    <ClCompile Include="src_psd\pattern.c">
      <Filter>src_psd</Filter>
    </ClCompile>
    <ClCompile Include="src_psd\pattern_fill.c">
      <Filter>src_psd</Filter>
    </ClCompile>
    <ClCompile Include="src_psd\pattern_overlay.c">
      <Filter>src_psd</Filter>
    </ClCompile>
    <ClCompile Include="src_psd\photo_filter.c">
      <Filter>src_psd</Filter>
    </ClCompile>
    <ClCompile Include="src_psd\posterize.c">
      <Filter>src_psd</Filter>
    </ClCompile>
    <ClCompile Include="src_psd\psd.c">
      <Filter>src_psd</Filter>
    </ClCompile>
    <ClCompile Include="src_psd\psd_system.c">
      <Filter>src_psd</Filter>
    </ClCompile>
    <ClCompile Include="src_psd\psd_zip.c">
      <Filter>src_psd</Filter>
    </ClCompile>
    <ClCompile Include="src_psd\rect.c">
      <Filter>src_psd</Filter>
    </ClCompile>
    <ClCompile Include="src_psd\satin.c">
      <Filter>src_psd</Filter>
    </ClCompile>
    <ClCompile Include="src_psd\selective_color.c">
      <Filter>src_psd</Filter>
    </ClCompile>
    <ClCompile Include="src_psd\solid_color.c">
      <Filter>src_psd</Filter>
    </ClCompile>
    <ClCompile Include="src_psd\stream.c">
      <Filter>src_psd</Filter>
    </ClCompile>
    <ClCompile Include="src_psd\stroke.c">
      <Filter>src_psd</Filter>
    </ClCompile>
    <ClCompile Include="src_psd\threshold.c">
      <Filter>src_psd</Filter>
    </ClCompile>
    <ClCompile Include="src_psd\thumbnail.c">
      <Filter>src_psd</Filter>
    </ClCompile>
    <ClCompile Include="src_psd\type_tool.c">
      <Filter>src_psd</Filter>
    </ClCompile>
  </ItemGroup>
  <ItemGroup>
    <ResourceCompile Include="jarkViewer.rc">
      <Filter>资源文件</Filter>
    </ResourceCompile>
  </ItemGroup>
  <ItemGroup>
    <Image Include="small.ico">
      <Filter>资源文件</Filter>
    </Image>
    <Image Include="jarkViewer.ico">
      <Filter>资源文件</Filter>
    </Image>
    <Image Include="file\tips.png">
      <Filter>资源文件</Filter>
    </Image>
    <Image Include="file\home.png">
      <Filter>资源文件</Filter>
    </Image>
  </ItemGroup>
  <ItemGroup>
    <Font Include="file\LXGWNeoXiHei.ttf" />
    <Font Include="file\MSYHMONO.ttf" />
  </ItemGroup>
</Project>